# This file is generated by running "yarn install" inside your project.
# Manual changes might be lost - proceed with caution!

__metadata:
  version: 4
  cacheKey: 5

"@types/geojson@npm:*":
  version: 7946.0.7
  resolution: "@types/geojson@npm:7946.0.7"
  checksum: b0a614f58a169069d9978af24c4b816bc7140a722829d8786ad1ff22d8362b429c56170326c836ce661a0307f8e35820a055966c2eedc21b62671a56c472263e
  languageName: node
  linkType: hard

"@types/leaflet@npm:^1.5.17":
  version: 1.5.17
  resolution: "@types/leaflet@npm:1.5.17"
  dependencies:
    "@types/geojson": "*"
  checksum: a596fb8672cdfa4923dcc24e063e17eb1ece2aa222f40d836bc6f0db4f308a6b726ce919db6b129a291f354844f09381d2065d90f7fddd10f4700e274a200deb
  languageName: node
  linkType: hard

"leaflet@npm:^1.6.0":
  version: 1.6.0
  resolution: "leaflet@npm:1.6.0"
  checksum: de9cc64bfaa767fb2a6a437f5621aafc356f4201cded36a25d8c4e3802085638791e737d127e4d9981b678f802b6757e8053936baad68c62bf80f39b0d063d4b
  languageName: node
  linkType: hard

typescript@^4.0.2:
  version: 4.0.2
  resolution: "typescript@npm:4.0.2"
  bin:
    tsc: bin/tsc
    tsserver: bin/tsserver
  checksum: cc0e7806eee7997a1b4b2990badacc4a8d089893ed0a377f35c9658e2ac392503cb340d0187203ed82e36e427dda94b0fb7107e44a71cca99efac86be26e16ee
  languageName: node
  linkType: hard

"typescript@patch:typescript@^4.0.2#builtin<compat/typescript>":
  version: 4.0.2
  resolution: "typescript@patch:typescript@npm%3A4.0.2#builtin<compat/typescript>::version=4.0.2&hash=5b02a2"
  bin:
    tsc: bin/tsc
    tsserver: bin/tsserver
  checksum: b8b689ef994cce4fe59950d56ddfffce3c4bdda8edb85b72e752d4a6d27bf7df8a318e76ccde25cbe6e642058f2f4ccf47187db4b243bbc98278a2844db9461b
  languageName: node
  linkType: hard

"zipfs-bug@workspace:.":
  version: 0.0.0-use.local
  resolution: "zipfs-bug@workspace:."
  dependencies:
    "@types/leaflet": ^1.5.17
    leaflet: ^1.6.0
    typescript: ^4.0.2
  languageName: unknown
  linkType: soft
